{
  "name": "bitfocus-skeleton",
  "version": "1.0.0",
  "lockfileVersion": 1,
  "requires": true,
  "dependencies": {
    "electron-rpc": {
      "version": "2.0.1",
      "resolved": "https://registry.npmjs.org/electron-rpc/-/electron-rpc-2.0.1.tgz",
      "integrity": "sha1-BJXx3PMllzIPhmEZDP8jBKB73cQ="
    }
  }
}
