# THIS IS AN AUTOGENERATED FILE. DO NOT EDIT THIS FILE DIRECTLY.
# yarn lockfile v1


async@:
  version "3.0.1"
  resolved "https://registry.yarnpkg.com/async/-/async-3.0.1.tgz#dfeb34657d1e63c94c0eee424297bf8a2c9a8182"
  integrity sha512-ZswD8vwPtmBZzbn9xyi8XBQWXH3AvOQ43Za1KWYq7JeycrZuUYzx01KvHcVbXltjqH4y0MWrQ33008uLTqXuDw==

async@^1.5.2:
  version "1.5.2"
  resolved "https://registry.yarnpkg.com/async/-/async-1.5.2.tgz#ec6a61ae56480c0c3cb241c95618e20892f9672a"
  integrity sha1-7GphrlZIDAw8skHJVhjiCJL5Zyo=

commander@2.9.0:
  version "2.9.0"
  resolved "https://registry.yarnpkg.com/commander/-/commander-2.9.0.tgz#9c99094176e12240cb22d6c5146098400fe0f7d4"
  integrity sha1-nJkJQXbhIkDLItbFFGCYQA/g99Q=
  dependencies:
    graceful-readlink ">= 1.0.0"

debug@^2.1.2:
  version "2.6.9"
  resolved "https://registry.yarnpkg.com/debug/-/debug-2.6.9.tgz#5d128515df134ff327e90a4c93f4e077a536341f"
  integrity sha512-bC7ElrdJaJnPbAP+1EotYvqZsb3ecl5wi6Bfi6BJTUcNowp6cvspg0jXznRTKDjm/E7AdgFBVeAPVMNcKGsHMA==
  dependencies:
    ms "2.0.0"

electron-rpc@^2.0.1:
  version "2.0.1"
  resolved "https://registry.yarnpkg.com/electron-rpc/-/electron-rpc-2.0.1.tgz#0495f1dcf32597320f8661190cff2304a07bddc4"
  integrity sha1-BJXx3PMllzIPhmEZDP8jBKB73cQ=

"graceful-readlink@>= 1.0.0":
  version "1.0.1"
  resolved "https://registry.yarnpkg.com/graceful-readlink/-/graceful-readlink-1.0.1.tgz#4cafad76bc62f02fa039b2f94e9a3dd3a391a725"
  integrity sha1-TK+tdrxi8C+gObL5Tpo906ORpyU=

iconv-lite@^0.4.13, iconv-lite@^0.4.4:
  version "0.4.24"
  resolved "https://registry.yarnpkg.com/iconv-lite/-/iconv-lite-0.4.24.tgz#2022b4b25fbddc21d2f524974a474aafe733908b"
  integrity sha512-v3MXnZAcvnywkTUEZomIActle7RXXeedOR31wwl7VlyoXO4Qi9arvSenNQWne1TcRwhCL1HwLI21bEqdpj8/rA==
  dependencies:
    safer-buffer ">= 2.1.2 < 3"

ms@2.0.0:
  version "2.0.0"
  resolved "https://registry.yarnpkg.com/ms/-/ms-2.0.0.tgz#5608aeadfc00be6c2901df5f9861788de0d597c8"
  integrity sha1-VgiurfwAvmwpAd9fmGF4jeDVl8g=

needle@1.1.2:
  version "1.1.2"
  resolved "https://registry.yarnpkg.com/needle/-/needle-1.1.2.tgz#d2841a125bfd74fefb30c0344104369061c3e13a"
  integrity sha1-0oQaElv9dP77MMA0QQQ2kGHD4To=
  dependencies:
    debug "^2.1.2"
    iconv-lite "^0.4.4"

network@^0.4.1:
  version "0.4.1"
  resolved "https://registry.yarnpkg.com/network/-/network-0.4.1.tgz#30bb4d41b624072a4da990431f77513612c45cc0"
  integrity sha1-MLtNQbYkBypNqZBDH3dRNhLEXMA=
  dependencies:
    async "^1.5.2"
    commander "2.9.0"
    needle "1.1.2"
    wmic "^0.1.0"

"safer-buffer@>= 2.1.2 < 3":
  version "2.1.2"
  resolved "https://registry.yarnpkg.com/safer-buffer/-/safer-buffer-2.1.2.tgz#44fa161b0187b9549dd84bb91802f9bd8385cd6a"
  integrity sha512-YZo3K82SD7Riyi0E1EQPojLz7kpepnSQI9IyPbHHg1XXXevb5dJI7tpyN2ADxGcQbHG7vcyRHk0cbwqcQriUtg==

wmic@^0.1.0:
  version "0.1.0"
  resolved "https://registry.yarnpkg.com/wmic/-/wmic-0.1.0.tgz#78b41ab11d154cb812819e1291674dad55d8e1d7"
  integrity sha1-eLQasR0VTLgSgZ4SkWdNrVXY4dc=
  dependencies:
    async ""
    iconv-lite "^0.4.13"
